{
  "version": 4,
  "terraform_version": "1.8.3",
  "serial": 18,
  "lineage": "7b8fe3ce-b179-de0d-bbf5-bca7f8fbcdde",
  "outputs": {},
  "resources": [
    {
      "mode": "managed",
      "type": "aws_dynamodb_table",
      "name": "resume_site_table",
      "provider": "provider[\"registry.terraform.io/hashicorp/aws\"]",
      "instances": [
        {
          "schema_version": 1,
          "attributes": {
            "arn": "arn:aws:dynamodb:us-east-1:381491828017:table/resume_site_table",
            "attribute": [
              {
                "name": "VisitCounter",
                "type": "N"
              },
              {
                "name": "visitors",
                "type": "N"
              }
            ],
            "billing_mode": "PAY_PER_REQUEST",
            "deletion_protection_enabled": false,
            "global_secondary_index": [],
            "hash_key": "VisitCounter",
            "id": "resume_site_table",
            "import_table": [],
            "local_secondary_index": [],
            "name": "resume_site_table",
            "point_in_time_recovery": [
              {
                "enabled": false
              }
            ],
            "range_key": "visitors",
            "read_capacity": 0,
            "replica": [],
            "restore_date_time": null,
            "restore_source_name": null,
            "restore_to_latest_time": null,
            "server_side_encryption": [],
            "stream_arn": "",
            "stream_enabled": false,
            "stream_label": "",
            "stream_view_type": "",
            "table_class": "STANDARD",
            "tags": {
              "Name": "ResumeSite"
            },
            "tags_all": {
              "Name": "ResumeSite"
            },
            "timeouts": null,
            "ttl": [
              {
                "attribute_name": "",
                "enabled": false
              }
            ],
            "write_capacity": 0
          },
          "sensitive_attributes": [],
          "private": "eyJlMmJmYjczMC1lY2FhLTExZTYtOGY4OC0zNDM2M2JjN2M0YzAiOnsiY3JlYXRlIjoxODAwMDAwMDAwMDAwLCJkZWxldGUiOjYwMDAwMDAwMDAwMCwidXBkYXRlIjozNjAwMDAwMDAwMDAwfSwic2NoZW1hX3ZlcnNpb24iOiIxIn0="
        }
      ]
    },
    {
      "mode": "managed",
      "type": "aws_dynamodb_table_item",
      "name": "item1",
      "provider": "provider[\"registry.terraform.io/hashicorp/aws\"]",
      "instances": [
        {
          "schema_version": 0,
          "attributes": {
            "hash_key": "VisitCounter",
            "id": "resume_site_table|VisitCounter|0",
            "item": "    {\r\n        \"VisitCounter\": {\"N\": \"0\"}\r\n    }\r\n",
            "range_key": null,
            "table_name": "resume_site_table"
          },
          "sensitive_attributes": [],
          "private": "bnVsbA==",
          "dependencies": [
            "aws_dynamodb_table.resume_site_table"
          ]
        }
      ]
    }
  ],
  "check_results": null
}
